{
  "originHash" : "1a1027b11810119d901c22566b13cb46776a1866bfa503419561b0c9b777c051",
  "pins" : [
    {
      "identity" : "flyingfox",
      "kind" : "remoteSourceControl",
      "location" : "https://github.com/swhitty/FlyingFox",
      "state" : {
        "revision" : "4e246d3fb515bd2069e5c169abdc75808b90548f",
        "version" : "0.27.1"
      }
    }
  ],
  "version" : 3
}
